Microsoft Visual Studio Solution File, Format Version 11.00
# Visual Studio 2008

Project("{CA254901-3FF7-895F-58F6-4AD3EA2D1744}") = "Dragon Spirit", "Assembly-CSharp.csproj", "{EEB83045-21EE-4578-27A8-47EAE15B6FA6}"
EndProject
Global
	GlobalSection(SolutionConfigurationPlatforms) = preSolution
		Debug|Any CPU = Debug|Any CPU
		Release|Any CPU = Release|Any CPU
	EndGlobalSection
	GlobalSection(ProjectConfigurationPlatforms) = postSolution
		{EEB83045-21EE-4578-27A8-47EAE15B6FA6}.Debug|Any CPU.ActiveCfg = Debug|Any CPU
		{EEB83045-21EE-4578-27A8-47EAE15B6FA6}.Debug|Any CPU.Build.0 = Debug|Any CPU
		{EEB83045-21EE-4578-27A8-47EAE15B6FA6}.Release|Any CPU.ActiveCfg = Release|Any CPU
		{EEB83045-21EE-4578-27A8-47EAE15B6FA6}.Release|Any CPU.Build.0 = Release|Any CPU
	EndGlobalSection
	GlobalSection(SolutionProperties) = preSolution
		HideSolutionNode = FALSE
	EndGlobalSection
	GlobalSection(MonoDevelopProperties) = preSolution
		StartupItem = Assembly-CSharp.csproj
	EndGlobalSection
EndGlobal
