Microsoft Visual Studio Solution File, Format Version 11.00
# Visual Studio 2008

Project("{F34AF572-552D-9F47-E197-933A93D1E3CC}") = "DragonSpirit", "Assembly-CSharp.csproj", "{81985AC8-2934-4396-F1CD-38343DD5D448}"
EndProject
Global
	GlobalSection(SolutionConfigurationPlatforms) = preSolution
		Debug|Any CPU = Debug|Any CPU
		Release|Any CPU = Release|Any CPU
	EndGlobalSection
	GlobalSection(ProjectConfigurationPlatforms) = postSolution
		{81985AC8-2934-4396-F1CD-38343DD5D448}.Debug|Any CPU.ActiveCfg = Debug|Any CPU
		{81985AC8-2934-4396-F1CD-38343DD5D448}.Debug|Any CPU.Build.0 = Debug|Any CPU
		{81985AC8-2934-4396-F1CD-38343DD5D448}.Release|Any CPU.ActiveCfg = Release|Any CPU
		{81985AC8-2934-4396-F1CD-38343DD5D448}.Release|Any CPU.Build.0 = Release|Any CPU
	EndGlobalSection
	GlobalSection(SolutionProperties) = preSolution
		HideSolutionNode = FALSE
	EndGlobalSection
	GlobalSection(MonoDevelopProperties) = preSolution
		StartupItem = Assembly-CSharp.csproj
	EndGlobalSection
EndGlobal
